
Microsoft Visual Studio Solution File, Format Version 12.00
# Visual Studio Version 16
VisualStudioVersion = 16.0.32126.315
MinimumVisualStudioVersion = 10.0.40219.1
Project("{FAE04EC0-301F-11D3-BF4B-00C04F79EFBC}") = "deneme4.Android", "deneme4.Android\deneme4.Android.csproj", "{36CFD333-4EC8-4ED0-A440-20220C5B703A}"
EndProject
Project("{FAE04EC0-301F-11D3-BF4B-00C04F79EFBC}") = "deneme4.iOS", "deneme4.iOS\deneme4.iOS.csproj", "{F2B820B2-758B-446D-97EC-5AB3693D4134}"
EndProject
Project("{FAE04EC0-301F-11D3-BF4B-00C04F79EFBC}") = "deneme4", "deneme4\deneme4.csproj", "{E8CB2274-0A9D-49B5-8BF8-5BB8DDA83300}"
EndProject
Global
	GlobalSection(SolutionConfigurationPlatforms) = preSolution
		Debug|Any CPU = Debug|Any CPU
		Debug|iPhone = Debug|iPhone
		Debug|iPhoneSimulator = Debug|iPhoneSimulator
		Release|Any CPU = Release|Any CPU
		Release|iPhone = Release|iPhone
		Release|iPhoneSimulator = Release|iPhoneSimulator
	EndGlobalSection
	GlobalSection(ProjectConfigurationPlatforms) = postSolution
		{36CFD333-4EC8-4ED0-A440-20220C5B703A}.Debug|Any CPU.ActiveCfg = Debug|Any CPU
		{36CFD333-4EC8-4ED0-A440-20220C5B703A}.Debug|Any CPU.Build.0 = Debug|Any CPU
		{36CFD333-4EC8-4ED0-A440-20220C5B703A}.Debug|Any CPU.Deploy.0 = Debug|Any CPU
		{36CFD333-4EC8-4ED0-A440-20220C5B703A}.Debug|iPhone.ActiveCfg = Debug|Any CPU
		{36CFD333-4EC8-4ED0-A440-20220C5B703A}.Debug|iPhone.Build.0 = Debug|Any CPU
		{36CFD333-4EC8-4ED0-A440-20220C5B703A}.Debug|iPhone.Deploy.0 = Debug|Any CPU
		{36CFD333-4EC8-4ED0-A440-20220C5B703A}.Debug|iPhoneSimulator.ActiveCfg = Debug|Any CPU
		{36CFD333-4EC8-4ED0-A440-20220C5B703A}.Debug|iPhoneSimulator.Build.0 = Debug|Any CPU
		{36CFD333-4EC8-4ED0-A440-20220C5B703A}.Debug|iPhoneSimulator.Deploy.0 = Debug|Any CPU
		{36CFD333-4EC8-4ED0-A440-20220C5B703A}.Release|Any CPU.ActiveCfg = Release|Any CPU
		{36CFD333-4EC8-4ED0-A440-20220C5B703A}.Release|Any CPU.Build.0 = Release|Any CPU
		{36CFD333-4EC8-4ED0-A440-20220C5B703A}.Release|Any CPU.Deploy.0 = Release|Any CPU
		{36CFD333-4EC8-4ED0-A440-20220C5B703A}.Release|iPhone.ActiveCfg = Release|Any CPU
		{36CFD333-4EC8-4ED0-A440-20220C5B703A}.Release|iPhone.Build.0 = Release|Any CPU
		{36CFD333-4EC8-4ED0-A440-20220C5B703A}.Release|iPhone.Deploy.0 = Release|Any CPU
		{36CFD333-4EC8-4ED0-A440-20220C5B703A}.Release|iPhoneSimulator.ActiveCfg = Release|Any CPU
		{36CFD333-4EC8-4ED0-A440-20220C5B703A}.Release|iPhoneSimulator.Build.0 = Release|Any CPU
		{36CFD333-4EC8-4ED0-A440-20220C5B703A}.Release|iPhoneSimulator.Deploy.0 = Release|Any CPU
		{F2B820B2-758B-446D-97EC-5AB3693D4134}.Debug|Any CPU.ActiveCfg = Debug|iPhone
		{F2B820B2-758B-446D-97EC-5AB3693D4134}.Debug|Any CPU.Build.0 = Debug|iPhone
		{F2B820B2-758B-446D-97EC-5AB3693D4134}.Debug|Any CPU.Deploy.0 = Debug|iPhone
		{F2B820B2-758B-446D-97EC-5AB3693D4134}.Debug|iPhone.ActiveCfg = Debug|iPhone
		{F2B820B2-758B-446D-97EC-5AB3693D4134}.Debug|iPhone.Build.0 = Debug|iPhone
		{F2B820B2-758B-446D-97EC-5AB3693D4134}.Debug|iPhone.Deploy.0 = Debug|iPhone
		{F2B820B2-758B-446D-97EC-5AB3693D4134}.Debug|iPhoneSimulator.ActiveCfg = Debug|iPhoneSimulator
		{F2B820B2-758B-446D-97EC-5AB3693D4134}.Debug|iPhoneSimulator.Build.0 = Debug|iPhoneSimulator
		{F2B820B2-758B-446D-97EC-5AB3693D4134}.Debug|iPhoneSimulator.Deploy.0 = Debug|iPhoneSimulator
		{F2B820B2-758B-446D-97EC-5AB3693D4134}.Release|Any CPU.ActiveCfg = Release|iPhoneSimulator
		{F2B820B2-758B-446D-97EC-5AB3693D4134}.Release|Any CPU.Build.0 = Release|iPhoneSimulator
		{F2B820B2-758B-446D-97EC-5AB3693D4134}.Release|Any CPU.Deploy.0 = Release|iPhoneSimulator
		{F2B820B2-758B-446D-97EC-5AB3693D4134}.Release|iPhone.ActiveCfg = Release|iPhone
		{F2B820B2-758B-446D-97EC-5AB3693D4134}.Release|iPhone.Build.0 = Release|iPhone
		{F2B820B2-758B-446D-97EC-5AB3693D4134}.Release|iPhone.Deploy.0 = Release|iPhone
		{F2B820B2-758B-446D-97EC-5AB3693D4134}.Release|iPhoneSimulator.ActiveCfg = Release|iPhoneSimulator
		{F2B820B2-758B-446D-97EC-5AB3693D4134}.Release|iPhoneSimulator.Build.0 = Release|iPhoneSimulator
		{F2B820B2-758B-446D-97EC-5AB3693D4134}.Release|iPhoneSimulator.Deploy.0 = Release|iPhoneSimulator
		{E8CB2274-0A9D-49B5-8BF8-5BB8DDA83300}.Debug|Any CPU.ActiveCfg = Debug|Any CPU
		{E8CB2274-0A9D-49B5-8BF8-5BB8DDA83300}.Debug|Any CPU.Build.0 = Debug|Any CPU
		{E8CB2274-0A9D-49B5-8BF8-5BB8DDA83300}.Debug|Any CPU.Deploy.0 = Debug|Any CPU
		{E8CB2274-0A9D-49B5-8BF8-5BB8DDA83300}.Debug|iPhone.ActiveCfg = Debug|Any CPU
		{E8CB2274-0A9D-49B5-8BF8-5BB8DDA83300}.Debug|iPhone.Build.0 = Debug|Any CPU
		{E8CB2274-0A9D-49B5-8BF8-5BB8DDA83300}.Debug|iPhone.Deploy.0 = Debug|Any CPU
		{E8CB2274-0A9D-49B5-8BF8-5BB8DDA83300}.Debug|iPhoneSimulator.ActiveCfg = Debug|Any CPU
		{E8CB2274-0A9D-49B5-8BF8-5BB8DDA83300}.Debug|iPhoneSimulator.Build.0 = Debug|Any CPU
		{E8CB2274-0A9D-49B5-8BF8-5BB8DDA83300}.Debug|iPhoneSimulator.Deploy.0 = Debug|Any CPU
		{E8CB2274-0A9D-49B5-8BF8-5BB8DDA83300}.Release|Any CPU.ActiveCfg = Release|Any CPU
		{E8CB2274-0A9D-49B5-8BF8-5BB8DDA83300}.Release|Any CPU.Build.0 = Release|Any CPU
		{E8CB2274-0A9D-49B5-8BF8-5BB8DDA83300}.Release|Any CPU.Deploy.0 = Release|Any CPU
		{E8CB2274-0A9D-49B5-8BF8-5BB8DDA83300}.Release|iPhone.ActiveCfg = Release|Any CPU
		{E8CB2274-0A9D-49B5-8BF8-5BB8DDA83300}.Release|iPhone.Build.0 = Release|Any CPU
		{E8CB2274-0A9D-49B5-8BF8-5BB8DDA83300}.Release|iPhone.Deploy.0 = Release|Any CPU
		{E8CB2274-0A9D-49B5-8BF8-5BB8DDA83300}.Release|iPhoneSimulator.ActiveCfg = Release|Any CPU
		{E8CB2274-0A9D-49B5-8BF8-5BB8DDA83300}.Release|iPhoneSimulator.Build.0 = Release|Any CPU
		{E8CB2274-0A9D-49B5-8BF8-5BB8DDA83300}.Release|iPhoneSimulator.Deploy.0 = Release|Any CPU
	EndGlobalSection
	GlobalSection(SolutionProperties) = preSolution
		HideSolutionNode = FALSE
	EndGlobalSection
	GlobalSection(ExtensibilityGlobals) = postSolution
		SolutionGuid = {1C592C05-6089-4C20-9E90-A62D183E74F7}
	EndGlobalSection
EndGlobal
